
Microsoft Visual Studio Solution File, Format Version 12.00
# Visual Studio 15
VisualStudioVersion = 15.0.27130.2027
MinimumVisualStudioVersion = 10.0.40219.1
Project("{FAE04EC0-301F-11D3-BF4B-00C04F79EFBC}") = "paskahousu2", "paskahousu2\paskahousu2.csproj", "{DD57E2E4-8457-435F-B7C4-F1F698BC4507}"
EndProject
Global
	GlobalSection(SolutionConfigurationPlatforms) = preSolution
		Debug|Any CPU = Debug|Any CPU
		Release|Any CPU = Release|Any CPU
	EndGlobalSection
	GlobalSection(ProjectConfigurationPlatforms) = postSolution
		{DD57E2E4-8457-435F-B7C4-F1F698BC4507}.Debug|Any CPU.ActiveCfg = Debug|Any CPU
		{DD57E2E4-8457-435F-B7C4-F1F698BC4507}.Debug|Any CPU.Build.0 = Debug|Any CPU
		{DD57E2E4-8457-435F-B7C4-F1F698BC4507}.Release|Any CPU.ActiveCfg = Release|Any CPU
		{DD57E2E4-8457-435F-B7C4-F1F698BC4507}.Release|Any CPU.Build.0 = Release|Any CPU
	EndGlobalSection
	GlobalSection(SolutionProperties) = preSolution
		HideSolutionNode = FALSE
	EndGlobalSection
	GlobalSection(ExtensibilityGlobals) = postSolution
		SolutionGuid = {2E42A838-2284-4047-81C2-99DF31D2C092}
	EndGlobalSection
EndGlobal
